
Microsoft Visual Studio Solution File, Format Version 12.00
# Visual Studio 15
VisualStudioVersion = 15.0.28307.1082
MinimumVisualStudioVersion = 10.0.40219.1
Project("{8BC9CEB8-8B4A-11D0-8D11-00A0C91BC942}") = "WordAlignment", "WordAlignment\WordAlignment.vcxproj", "{91DE9E2C-06C5-4AEE-A350-29C125325EFD}"
EndProject
Global
	GlobalSection(SolutionConfigurationPlatforms) = preSolution
		Debug|x64 = Debug|x64
		Debug|x86 = Debug|x86
		Release|x64 = Release|x64
		Release|x86 = Release|x86
	EndGlobalSection
	GlobalSection(ProjectConfigurationPlatforms) = postSolution
		{91DE9E2C-06C5-4AEE-A350-29C125325EFD}.Debug|x64.ActiveCfg = Debug|x64
		{91DE9E2C-06C5-4AEE-A350-29C125325EFD}.Debug|x64.Build.0 = Debug|x64
		{91DE9E2C-06C5-4AEE-A350-29C125325EFD}.Debug|x86.ActiveCfg = Debug|Win32
		{91DE9E2C-06C5-4AEE-A350-29C125325EFD}.Debug|x86.Build.0 = Debug|Win32
		{91DE9E2C-06C5-4AEE-A350-29C125325EFD}.Release|x64.ActiveCfg = Release|x64
		{91DE9E2C-06C5-4AEE-A350-29C125325EFD}.Release|x64.Build.0 = Release|x64
		{91DE9E2C-06C5-4AEE-A350-29C125325EFD}.Release|x86.ActiveCfg = Release|Win32
		{91DE9E2C-06C5-4AEE-A350-29C125325EFD}.Release|x86.Build.0 = Release|Win32
	EndGlobalSection
	GlobalSection(SolutionProperties) = preSolution
		HideSolutionNode = FALSE
	EndGlobalSection
	GlobalSection(ExtensibilityGlobals) = postSolution
		SolutionGuid = {3931E7AF-3D01-4F84-B30B-AD60CBA6C4A6}
	EndGlobalSection
EndGlobal
